
Microsoft Visual Studio Solution File, Format Version 12.00
# Visual Studio Version 17
VisualStudioVersion = 17.14.36121.58
MinimumVisualStudioVersion = 10.0.40219.1
Project("{FAE04EC0-301F-11D3-BF4B-00C04F79EFBC}") = "AvalonMozi.Backend", "AvalonMozi.Backend\AvalonMozi.Backend.csproj", "{7FB14D1E-0246-4E9F-B2C4-3F52088E57D5}"
EndProject
Project("{FAE04EC0-301F-11D3-BF4B-00C04F79EFBC}") = "AvalonMozi.Domain", "AvalonMozi.Domain\AvalonMozi.Domain.csproj", "{753A5E01-E77A-41EB-A265-26FE4CA89AC6}"
EndProject
Project("{FAE04EC0-301F-11D3-BF4B-00C04F79EFBC}") = "AvalonMozi.Persistence", "AvalonMozi.Persistence\AvalonMozi.Persistence.csproj", "{5D2D3E64-3057-475C-A956-4553B5E1D3BE}"
EndProject
Project("{FAE04EC0-301F-11D3-BF4B-00C04F79EFBC}") = "AvalonMozi.Application", "AvalonMozi.Application\AvalonMozi.Application.csproj", "{2E49C9B7-4508-4380-8211-47B06AF4E8EE}"
EndProject
Project("{FAE04EC0-301F-11D3-BF4B-00C04F79EFBC}") = "AvalonMozi.Factories", "AvalonMozi.Factories\AvalonMozi.Factories.csproj", "{B260287F-ADAE-44E6-9431-02AE0758F8A9}"
EndProject
Global
	GlobalSection(SolutionConfigurationPlatforms) = preSolution
		Debug|Any CPU = Debug|Any CPU
		Release|Any CPU = Release|Any CPU
	EndGlobalSection
	GlobalSection(ProjectConfigurationPlatforms) = postSolution
		{7FB14D1E-0246-4E9F-B2C4-3F52088E57D5}.Debug|Any CPU.ActiveCfg = Debug|Any CPU
		{7FB14D1E-0246-4E9F-B2C4-3F52088E57D5}.Debug|Any CPU.Build.0 = Debug|Any CPU
		{7FB14D1E-0246-4E9F-B2C4-3F52088E57D5}.Release|Any CPU.ActiveCfg = Release|Any CPU
		{7FB14D1E-0246-4E9F-B2C4-3F52088E57D5}.Release|Any CPU.Build.0 = Release|Any CPU
		{753A5E01-E77A-41EB-A265-26FE4CA89AC6}.Debug|Any CPU.ActiveCfg = Debug|Any CPU
		{753A5E01-E77A-41EB-A265-26FE4CA89AC6}.Debug|Any CPU.Build.0 = Debug|Any CPU
		{753A5E01-E77A-41EB-A265-26FE4CA89AC6}.Release|Any CPU.ActiveCfg = Release|Any CPU
		{753A5E01-E77A-41EB-A265-26FE4CA89AC6}.Release|Any CPU.Build.0 = Release|Any CPU
		{5D2D3E64-3057-475C-A956-4553B5E1D3BE}.Debug|Any CPU.ActiveCfg = Debug|Any CPU
		{5D2D3E64-3057-475C-A956-4553B5E1D3BE}.Debug|Any CPU.Build.0 = Debug|Any CPU
		{5D2D3E64-3057-475C-A956-4553B5E1D3BE}.Release|Any CPU.ActiveCfg = Release|Any CPU
		{5D2D3E64-3057-475C-A956-4553B5E1D3BE}.Release|Any CPU.Build.0 = Release|Any CPU
		{2E49C9B7-4508-4380-8211-47B06AF4E8EE}.Debug|Any CPU.ActiveCfg = Debug|Any CPU
		{2E49C9B7-4508-4380-8211-47B06AF4E8EE}.Debug|Any CPU.Build.0 = Debug|Any CPU
		{2E49C9B7-4508-4380-8211-47B06AF4E8EE}.Release|Any CPU.ActiveCfg = Release|Any CPU
		{2E49C9B7-4508-4380-8211-47B06AF4E8EE}.Release|Any CPU.Build.0 = Release|Any CPU
		{B260287F-ADAE-44E6-9431-02AE0758F8A9}.Debug|Any CPU.ActiveCfg = Debug|Any CPU
		{B260287F-ADAE-44E6-9431-02AE0758F8A9}.Debug|Any CPU.Build.0 = Debug|Any CPU
		{B260287F-ADAE-44E6-9431-02AE0758F8A9}.Release|Any CPU.ActiveCfg = Release|Any CPU
		{B260287F-ADAE-44E6-9431-02AE0758F8A9}.Release|Any CPU.Build.0 = Release|Any CPU
	EndGlobalSection
	GlobalSection(SolutionProperties) = preSolution
		HideSolutionNode = FALSE
	EndGlobalSection
	GlobalSection(ExtensibilityGlobals) = postSolution
		SolutionGuid = {D20AEED1-06D6-4825-A6CC-E8607B4E4FD4}
	EndGlobalSection
EndGlobal
